
Microsoft Visual Studio Solution File, Format Version 12.00
# Visual Studio Version 16
VisualStudioVersion = 16.0.30104.148
MinimumVisualStudioVersion = 10.0.40219.1
Project("{2150E333-8FDC-42A3-9474-1A3956D46DE8}") = "Commnon", "Commnon", "{B401394D-99B0-450D-AA77-2745EB2291A4}"
EndProject
Project("{2150E333-8FDC-42A3-9474-1A3956D46DE8}") = "Core", "Core", "{43121548-25FD-48A6-B1CC-465715B34750}"
EndProject
Project("{2150E333-8FDC-42A3-9474-1A3956D46DE8}") = "Entities", "Entities", "{5A251762-3F3B-4DF7-81BE-EDAD3821806B}"
EndProject
Project("{2150E333-8FDC-42A3-9474-1A3956D46DE8}") = "UI", "UI", "{DFF1FF1C-01EF-4BAE-A5FF-C1ED3C73C644}"
EndProject
Project("{FAE04EC0-301F-11D3-BF4B-00C04F79EFBC}") = "StoreSampel.UI", "StoreSampel.UI\StoreSampel.UI.csproj", "{514545CD-B56B-4F62-B588-5B0097E97D47}"
EndProject
Project("{FAE04EC0-301F-11D3-BF4B-00C04F79EFBC}") = "StoreSampel.Domain", "StoreSampel.Domain\StoreSampel.Domain.csproj", "{59CCE305-8416-4F1B-A055-2DF0B573F771}"
EndProject
Project("{FAE04EC0-301F-11D3-BF4B-00C04F79EFBC}") = "StoreSampel.Application", "StoreSampel.Application\StoreSampel.Application.csproj", "{01ABDEE4-8340-4FAA-AC93-018A2518ACFE}"
EndProject
Project("{FAE04EC0-301F-11D3-BF4B-00C04F79EFBC}") = "StorSampel.Common", "SoresSampel.Common\StorSampel.Common.csproj", "{433F7E44-A2E1-41E4-80EB-A144ABD3334E}"
EndProject
Project("{2150E333-8FDC-42A3-9474-1A3956D46DE8}") = "Persistence", "Persistence", "{907D4C86-84FE-49D3-9D54-ED1153B614EB}"
EndProject
Project("{FAE04EC0-301F-11D3-BF4B-00C04F79EFBC}") = "StoreSampel.Persistence", "StoreSampel.Persistence\StoreSampel.Persistence.csproj", "{CF9E21B1-4E01-481F-BBB8-B746015E69B3}"
EndProject
Global
	GlobalSection(SolutionConfigurationPlatforms) = preSolution
		Debug|Any CPU = Debug|Any CPU
		Release|Any CPU = Release|Any CPU
	EndGlobalSection
	GlobalSection(ProjectConfigurationPlatforms) = postSolution
		{514545CD-B56B-4F62-B588-5B0097E97D47}.Debug|Any CPU.ActiveCfg = Debug|Any CPU
		{514545CD-B56B-4F62-B588-5B0097E97D47}.Debug|Any CPU.Build.0 = Debug|Any CPU
		{514545CD-B56B-4F62-B588-5B0097E97D47}.Release|Any CPU.ActiveCfg = Release|Any CPU
		{514545CD-B56B-4F62-B588-5B0097E97D47}.Release|Any CPU.Build.0 = Release|Any CPU
		{59CCE305-8416-4F1B-A055-2DF0B573F771}.Debug|Any CPU.ActiveCfg = Debug|Any CPU
		{59CCE305-8416-4F1B-A055-2DF0B573F771}.Debug|Any CPU.Build.0 = Debug|Any CPU
		{59CCE305-8416-4F1B-A055-2DF0B573F771}.Release|Any CPU.ActiveCfg = Release|Any CPU
		{59CCE305-8416-4F1B-A055-2DF0B573F771}.Release|Any CPU.Build.0 = Release|Any CPU
		{01ABDEE4-8340-4FAA-AC93-018A2518ACFE}.Debug|Any CPU.ActiveCfg = Debug|Any CPU
		{01ABDEE4-8340-4FAA-AC93-018A2518ACFE}.Debug|Any CPU.Build.0 = Debug|Any CPU
		{01ABDEE4-8340-4FAA-AC93-018A2518ACFE}.Release|Any CPU.ActiveCfg = Release|Any CPU
		{01ABDEE4-8340-4FAA-AC93-018A2518ACFE}.Release|Any CPU.Build.0 = Release|Any CPU
		{433F7E44-A2E1-41E4-80EB-A144ABD3334E}.Debug|Any CPU.ActiveCfg = Debug|Any CPU
		{433F7E44-A2E1-41E4-80EB-A144ABD3334E}.Debug|Any CPU.Build.0 = Debug|Any CPU
		{433F7E44-A2E1-41E4-80EB-A144ABD3334E}.Release|Any CPU.ActiveCfg = Release|Any CPU
		{433F7E44-A2E1-41E4-80EB-A144ABD3334E}.Release|Any CPU.Build.0 = Release|Any CPU
		{CF9E21B1-4E01-481F-BBB8-B746015E69B3}.Debug|Any CPU.ActiveCfg = Debug|Any CPU
		{CF9E21B1-4E01-481F-BBB8-B746015E69B3}.Debug|Any CPU.Build.0 = Debug|Any CPU
		{CF9E21B1-4E01-481F-BBB8-B746015E69B3}.Release|Any CPU.ActiveCfg = Release|Any CPU
		{CF9E21B1-4E01-481F-BBB8-B746015E69B3}.Release|Any CPU.Build.0 = Release|Any CPU
	EndGlobalSection
	GlobalSection(SolutionProperties) = preSolution
		HideSolutionNode = FALSE
	EndGlobalSection
	GlobalSection(NestedProjects) = preSolution
		{514545CD-B56B-4F62-B588-5B0097E97D47} = {DFF1FF1C-01EF-4BAE-A5FF-C1ED3C73C644}
		{59CCE305-8416-4F1B-A055-2DF0B573F771} = {5A251762-3F3B-4DF7-81BE-EDAD3821806B}
		{01ABDEE4-8340-4FAA-AC93-018A2518ACFE} = {43121548-25FD-48A6-B1CC-465715B34750}
		{433F7E44-A2E1-41E4-80EB-A144ABD3334E} = {B401394D-99B0-450D-AA77-2745EB2291A4}
		{CF9E21B1-4E01-481F-BBB8-B746015E69B3} = {907D4C86-84FE-49D3-9D54-ED1153B614EB}
	EndGlobalSection
	GlobalSection(ExtensibilityGlobals) = postSolution
		SolutionGuid = {F813726B-5796-4C3A-987B-1EAD358B0D83}
	EndGlobalSection
EndGlobal
